
Microsoft Visual Studio Solution File, Format Version 12.00
# Visual Studio 15
VisualStudioVersion = 15.0.27428.1
MinimumVisualStudioVersion = 10.0.40219.1
Project("{FAE04EC0-301F-11D3-BF4B-00C04F79EFBC}") = "Riskord", "Riskord\Riskord.csproj", "{D2EAFD1F-77D9-4568-8D2D-418B8260B128}"
EndProject
Global
	GlobalSection(SolutionConfigurationPlatforms) = preSolution
		Debug|Any CPU = Debug|Any CPU
		Release|Any CPU = Release|Any CPU
	EndGlobalSection
	GlobalSection(ProjectConfigurationPlatforms) = postSolution
		{D2EAFD1F-77D9-4568-8D2D-418B8260B128}.Debug|Any CPU.ActiveCfg = Debug|Any CPU
		{D2EAFD1F-77D9-4568-8D2D-418B8260B128}.Debug|Any CPU.Build.0 = Debug|Any CPU
		{D2EAFD1F-77D9-4568-8D2D-418B8260B128}.Release|Any CPU.ActiveCfg = Release|Any CPU
		{D2EAFD1F-77D9-4568-8D2D-418B8260B128}.Release|Any CPU.Build.0 = Release|Any CPU
	EndGlobalSection
	GlobalSection(SolutionProperties) = preSolution
		HideSolutionNode = FALSE
	EndGlobalSection
	GlobalSection(ExtensibilityGlobals) = postSolution
		SolutionGuid = {29102EA2-C857-4249-976A-B1F2605DFB96}
	EndGlobalSection
EndGlobal
